
Microsoft Visual Studio Solution File, Format Version 12.00
# Visual Studio 15
VisualStudioVersion = 15.0.28307.168
MinimumVisualStudioVersion = 10.0.40219.1
Project("{FAE04EC0-301F-11D3-BF4B-00C04F79EFBC}") = "XamApp.Android", "XamApp\XamApp.Android\XamApp.Android.csproj", "{24CE3C36-16B9-426D-AA0C-5961ECF8D88C}"
EndProject
Project("{FAE04EC0-301F-11D3-BF4B-00C04F79EFBC}") = "XamApp.iOS", "XamApp\XamApp.iOS\XamApp.iOS.csproj", "{B0939EC9-0AC8-40AE-BA4B-41BC1CFBF842}"
EndProject
Project("{FAE04EC0-301F-11D3-BF4B-00C04F79EFBC}") = "XamApp.UWP", "XamApp\XamApp.UWP\XamApp.UWP.csproj", "{89F4EDEB-DF00-4A5E-8194-14BC143A7BD5}"
EndProject
Project("{9A19103F-16F7-4668-BE54-9A1E7A4F7556}") = "XamApp", "XamApp\XamApp\XamApp.csproj", "{A57898B4-2CAF-4EE9-810E-FB144F7D8369}"
EndProject
Global
	GlobalSection(SolutionConfigurationPlatforms) = preSolution
		Debug|Any CPU = Debug|Any CPU
		Debug|ARM = Debug|ARM
		Debug|iPhone = Debug|iPhone
		Debug|iPhoneSimulator = Debug|iPhoneSimulator
		Debug|x64 = Debug|x64
		Debug|x86 = Debug|x86
		Release|Any CPU = Release|Any CPU
		Release|ARM = Release|ARM
		Release|iPhone = Release|iPhone
		Release|iPhoneSimulator = Release|iPhoneSimulator
		Release|x64 = Release|x64
		Release|x86 = Release|x86
	EndGlobalSection
	GlobalSection(ProjectConfigurationPlatforms) = postSolution
		{24CE3C36-16B9-426D-AA0C-5961ECF8D88C}.Debug|Any CPU.ActiveCfg = Debug|Any CPU
		{24CE3C36-16B9-426D-AA0C-5961ECF8D88C}.Debug|Any CPU.Build.0 = Debug|Any CPU
		{24CE3C36-16B9-426D-AA0C-5961ECF8D88C}.Debug|Any CPU.Deploy.0 = Debug|Any CPU
		{24CE3C36-16B9-426D-AA0C-5961ECF8D88C}.Debug|ARM.ActiveCfg = Debug|Any CPU
		{24CE3C36-16B9-426D-AA0C-5961ECF8D88C}.Debug|ARM.Build.0 = Debug|Any CPU
		{24CE3C36-16B9-426D-AA0C-5961ECF8D88C}.Debug|ARM.Deploy.0 = Debug|Any CPU
		{24CE3C36-16B9-426D-AA0C-5961ECF8D88C}.Debug|iPhone.ActiveCfg = Debug|Any CPU
		{24CE3C36-16B9-426D-AA0C-5961ECF8D88C}.Debug|iPhone.Build.0 = Debug|Any CPU
		{24CE3C36-16B9-426D-AA0C-5961ECF8D88C}.Debug|iPhone.Deploy.0 = Debug|Any CPU
		{24CE3C36-16B9-426D-AA0C-5961ECF8D88C}.Debug|iPhoneSimulator.ActiveCfg = Debug|Any CPU
		{24CE3C36-16B9-426D-AA0C-5961ECF8D88C}.Debug|iPhoneSimulator.Build.0 = Debug|Any CPU
		{24CE3C36-16B9-426D-AA0C-5961ECF8D88C}.Debug|iPhoneSimulator.Deploy.0 = Debug|Any CPU
		{24CE3C36-16B9-426D-AA0C-5961ECF8D88C}.Debug|x64.ActiveCfg = Debug|Any CPU
		{24CE3C36-16B9-426D-AA0C-5961ECF8D88C}.Debug|x64.Build.0 = Debug|Any CPU
		{24CE3C36-16B9-426D-AA0C-5961ECF8D88C}.Debug|x64.Deploy.0 = Debug|Any CPU
		{24CE3C36-16B9-426D-AA0C-5961ECF8D88C}.Debug|x86.ActiveCfg = Debug|Any CPU
		{24CE3C36-16B9-426D-AA0C-5961ECF8D88C}.Debug|x86.Build.0 = Debug|Any CPU
		{24CE3C36-16B9-426D-AA0C-5961ECF8D88C}.Debug|x86.Deploy.0 = Debug|Any CPU
		{24CE3C36-16B9-426D-AA0C-5961ECF8D88C}.Release|Any CPU.ActiveCfg = Release|Any CPU
		{24CE3C36-16B9-426D-AA0C-5961ECF8D88C}.Release|Any CPU.Build.0 = Release|Any CPU
		{24CE3C36-16B9-426D-AA0C-5961ECF8D88C}.Release|Any CPU.Deploy.0 = Release|Any CPU
		{24CE3C36-16B9-426D-AA0C-5961ECF8D88C}.Release|ARM.ActiveCfg = Release|Any CPU
		{24CE3C36-16B9-426D-AA0C-5961ECF8D88C}.Release|ARM.Build.0 = Release|Any CPU
		{24CE3C36-16B9-426D-AA0C-5961ECF8D88C}.Release|ARM.Deploy.0 = Release|Any CPU
		{24CE3C36-16B9-426D-AA0C-5961ECF8D88C}.Release|iPhone.ActiveCfg = Release|Any CPU
		{24CE3C36-16B9-426D-AA0C-5961ECF8D88C}.Release|iPhone.Build.0 = Release|Any CPU
		{24CE3C36-16B9-426D-AA0C-5961ECF8D88C}.Release|iPhone.Deploy.0 = Release|Any CPU
		{24CE3C36-16B9-426D-AA0C-5961ECF8D88C}.Release|iPhoneSimulator.ActiveCfg = Release|Any CPU
		{24CE3C36-16B9-426D-AA0C-5961ECF8D88C}.Release|iPhoneSimulator.Build.0 = Release|Any CPU
		{24CE3C36-16B9-426D-AA0C-5961ECF8D88C}.Release|iPhoneSimulator.Deploy.0 = Release|Any CPU
		{24CE3C36-16B9-426D-AA0C-5961ECF8D88C}.Release|x64.ActiveCfg = Release|Any CPU
		{24CE3C36-16B9-426D-AA0C-5961ECF8D88C}.Release|x64.Build.0 = Release|Any CPU
		{24CE3C36-16B9-426D-AA0C-5961ECF8D88C}.Release|x64.Deploy.0 = Release|Any CPU
		{24CE3C36-16B9-426D-AA0C-5961ECF8D88C}.Release|x86.ActiveCfg = Release|Any CPU
		{24CE3C36-16B9-426D-AA0C-5961ECF8D88C}.Release|x86.Build.0 = Release|Any CPU
		{24CE3C36-16B9-426D-AA0C-5961ECF8D88C}.Release|x86.Deploy.0 = Release|Any CPU
		{B0939EC9-0AC8-40AE-BA4B-41BC1CFBF842}.Debug|Any CPU.ActiveCfg = Debug|iPhoneSimulator
		{B0939EC9-0AC8-40AE-BA4B-41BC1CFBF842}.Debug|Any CPU.Build.0 = Debug|iPhoneSimulator
		{B0939EC9-0AC8-40AE-BA4B-41BC1CFBF842}.Debug|Any CPU.Deploy.0 = Debug|iPhoneSimulator
		{B0939EC9-0AC8-40AE-BA4B-41BC1CFBF842}.Debug|ARM.ActiveCfg = Debug|iPhone
		{B0939EC9-0AC8-40AE-BA4B-41BC1CFBF842}.Debug|ARM.Build.0 = Debug|iPhone
		{B0939EC9-0AC8-40AE-BA4B-41BC1CFBF842}.Debug|ARM.Deploy.0 = Debug|iPhone
		{B0939EC9-0AC8-40AE-BA4B-41BC1CFBF842}.Debug|iPhone.ActiveCfg = Debug|iPhone
		{B0939EC9-0AC8-40AE-BA4B-41BC1CFBF842}.Debug|iPhone.Build.0 = Debug|iPhone
		{B0939EC9-0AC8-40AE-BA4B-41BC1CFBF842}.Debug|iPhone.Deploy.0 = Debug|iPhone
		{B0939EC9-0AC8-40AE-BA4B-41BC1CFBF842}.Debug|iPhoneSimulator.ActiveCfg = Debug|iPhoneSimulator
		{B0939EC9-0AC8-40AE-BA4B-41BC1CFBF842}.Debug|iPhoneSimulator.Build.0 = Debug|iPhoneSimulator
		{B0939EC9-0AC8-40AE-BA4B-41BC1CFBF842}.Debug|iPhoneSimulator.Deploy.0 = Debug|iPhoneSimulator
		{B0939EC9-0AC8-40AE-BA4B-41BC1CFBF842}.Debug|x64.ActiveCfg = Debug|iPhone
		{B0939EC9-0AC8-40AE-BA4B-41BC1CFBF842}.Debug|x64.Build.0 = Debug|iPhone
		{B0939EC9-0AC8-40AE-BA4B-41BC1CFBF842}.Debug|x64.Deploy.0 = Debug|iPhone
		{B0939EC9-0AC8-40AE-BA4B-41BC1CFBF842}.Debug|x86.ActiveCfg = Debug|iPhone
		{B0939EC9-0AC8-40AE-BA4B-41BC1CFBF842}.Debug|x86.Build.0 = Debug|iPhone
		{B0939EC9-0AC8-40AE-BA4B-41BC1CFBF842}.Debug|x86.Deploy.0 = Debug|iPhone
		{B0939EC9-0AC8-40AE-BA4B-41BC1CFBF842}.Release|Any CPU.ActiveCfg = Release|iPhone
		{B0939EC9-0AC8-40AE-BA4B-41BC1CFBF842}.Release|Any CPU.Build.0 = Release|iPhone
		{B0939EC9-0AC8-40AE-BA4B-41BC1CFBF842}.Release|Any CPU.Deploy.0 = Release|iPhone
		{B0939EC9-0AC8-40AE-BA4B-41BC1CFBF842}.Release|ARM.ActiveCfg = Release|iPhone
		{B0939EC9-0AC8-40AE-BA4B-41BC1CFBF842}.Release|ARM.Build.0 = Release|iPhone
		{B0939EC9-0AC8-40AE-BA4B-41BC1CFBF842}.Release|ARM.Deploy.0 = Release|iPhone
		{B0939EC9-0AC8-40AE-BA4B-41BC1CFBF842}.Release|iPhone.ActiveCfg = Release|iPhone
		{B0939EC9-0AC8-40AE-BA4B-41BC1CFBF842}.Release|iPhone.Build.0 = Release|iPhone
		{B0939EC9-0AC8-40AE-BA4B-41BC1CFBF842}.Release|iPhone.Deploy.0 = Release|iPhone
		{B0939EC9-0AC8-40AE-BA4B-41BC1CFBF842}.Release|iPhoneSimulator.ActiveCfg = Release|iPhoneSimulator
		{B0939EC9-0AC8-40AE-BA4B-41BC1CFBF842}.Release|iPhoneSimulator.Build.0 = Release|iPhoneSimulator
		{B0939EC9-0AC8-40AE-BA4B-41BC1CFBF842}.Release|iPhoneSimulator.Deploy.0 = Release|iPhoneSimulator
		{B0939EC9-0AC8-40AE-BA4B-41BC1CFBF842}.Release|x64.ActiveCfg = Release|iPhone
		{B0939EC9-0AC8-40AE-BA4B-41BC1CFBF842}.Release|x64.Build.0 = Release|iPhone
		{B0939EC9-0AC8-40AE-BA4B-41BC1CFBF842}.Release|x64.Deploy.0 = Release|iPhone
		{B0939EC9-0AC8-40AE-BA4B-41BC1CFBF842}.Release|x86.ActiveCfg = Release|iPhone
		{B0939EC9-0AC8-40AE-BA4B-41BC1CFBF842}.Release|x86.Build.0 = Release|iPhone
		{B0939EC9-0AC8-40AE-BA4B-41BC1CFBF842}.Release|x86.Deploy.0 = Release|iPhone
		{89F4EDEB-DF00-4A5E-8194-14BC143A7BD5}.Debug|Any CPU.ActiveCfg = Debug|x86
		{89F4EDEB-DF00-4A5E-8194-14BC143A7BD5}.Debug|Any CPU.Build.0 = Debug|x86
		{89F4EDEB-DF00-4A5E-8194-14BC143A7BD5}.Debug|Any CPU.Deploy.0 = Debug|x86
		{89F4EDEB-DF00-4A5E-8194-14BC143A7BD5}.Debug|ARM.ActiveCfg = Debug|ARM
		{89F4EDEB-DF00-4A5E-8194-14BC143A7BD5}.Debug|ARM.Build.0 = Debug|ARM
		{89F4EDEB-DF00-4A5E-8194-14BC143A7BD5}.Debug|ARM.Deploy.0 = Debug|ARM
		{89F4EDEB-DF00-4A5E-8194-14BC143A7BD5}.Debug|iPhone.ActiveCfg = Debug|x86
		{89F4EDEB-DF00-4A5E-8194-14BC143A7BD5}.Debug|iPhone.Build.0 = Debug|x86
		{89F4EDEB-DF00-4A5E-8194-14BC143A7BD5}.Debug|iPhone.Deploy.0 = Debug|x86
		{89F4EDEB-DF00-4A5E-8194-14BC143A7BD5}.Debug|iPhoneSimulator.ActiveCfg = Debug|x86
		{89F4EDEB-DF00-4A5E-8194-14BC143A7BD5}.Debug|iPhoneSimulator.Build.0 = Debug|x86
		{89F4EDEB-DF00-4A5E-8194-14BC143A7BD5}.Debug|iPhoneSimulator.Deploy.0 = Debug|x86
		{89F4EDEB-DF00-4A5E-8194-14BC143A7BD5}.Debug|x64.ActiveCfg = Debug|x64
		{89F4EDEB-DF00-4A5E-8194-14BC143A7BD5}.Debug|x64.Build.0 = Debug|x64
		{89F4EDEB-DF00-4A5E-8194-14BC143A7BD5}.Debug|x64.Deploy.0 = Debug|x64
		{89F4EDEB-DF00-4A5E-8194-14BC143A7BD5}.Debug|x86.ActiveCfg = Debug|x86
		{89F4EDEB-DF00-4A5E-8194-14BC143A7BD5}.Debug|x86.Build.0 = Debug|x86
		{89F4EDEB-DF00-4A5E-8194-14BC143A7BD5}.Debug|x86.Deploy.0 = Debug|x86
		{89F4EDEB-DF00-4A5E-8194-14BC143A7BD5}.Release|Any CPU.ActiveCfg = Release|x86
		{89F4EDEB-DF00-4A5E-8194-14BC143A7BD5}.Release|Any CPU.Build.0 = Release|x86
		{89F4EDEB-DF00-4A5E-8194-14BC143A7BD5}.Release|Any CPU.Deploy.0 = Release|x86
		{89F4EDEB-DF00-4A5E-8194-14BC143A7BD5}.Release|ARM.ActiveCfg = Release|ARM
		{89F4EDEB-DF00-4A5E-8194-14BC143A7BD5}.Release|ARM.Build.0 = Release|ARM
		{89F4EDEB-DF00-4A5E-8194-14BC143A7BD5}.Release|ARM.Deploy.0 = Release|ARM
		{89F4EDEB-DF00-4A5E-8194-14BC143A7BD5}.Release|iPhone.ActiveCfg = Release|x86
		{89F4EDEB-DF00-4A5E-8194-14BC143A7BD5}.Release|iPhone.Build.0 = Release|x86
		{89F4EDEB-DF00-4A5E-8194-14BC143A7BD5}.Release|iPhone.Deploy.0 = Release|x86
		{89F4EDEB-DF00-4A5E-8194-14BC143A7BD5}.Release|iPhoneSimulator.ActiveCfg = Release|x86
		{89F4EDEB-DF00-4A5E-8194-14BC143A7BD5}.Release|iPhoneSimulator.Build.0 = Release|x86
		{89F4EDEB-DF00-4A5E-8194-14BC143A7BD5}.Release|iPhoneSimulator.Deploy.0 = Release|x86
		{89F4EDEB-DF00-4A5E-8194-14BC143A7BD5}.Release|x64.ActiveCfg = Release|x64
		{89F4EDEB-DF00-4A5E-8194-14BC143A7BD5}.Release|x64.Build.0 = Release|x64
		{89F4EDEB-DF00-4A5E-8194-14BC143A7BD5}.Release|x64.Deploy.0 = Release|x64
		{89F4EDEB-DF00-4A5E-8194-14BC143A7BD5}.Release|x86.ActiveCfg = Release|x86
		{89F4EDEB-DF00-4A5E-8194-14BC143A7BD5}.Release|x86.Build.0 = Release|x86
		{89F4EDEB-DF00-4A5E-8194-14BC143A7BD5}.Release|x86.Deploy.0 = Release|x86
		{A57898B4-2CAF-4EE9-810E-FB144F7D8369}.Debug|Any CPU.ActiveCfg = Debug|Any CPU
		{A57898B4-2CAF-4EE9-810E-FB144F7D8369}.Debug|Any CPU.Build.0 = Debug|Any CPU
		{A57898B4-2CAF-4EE9-810E-FB144F7D8369}.Debug|Any CPU.Deploy.0 = Debug|Any CPU
		{A57898B4-2CAF-4EE9-810E-FB144F7D8369}.Debug|ARM.ActiveCfg = Debug|Any CPU
		{A57898B4-2CAF-4EE9-810E-FB144F7D8369}.Debug|ARM.Build.0 = Debug|Any CPU
		{A57898B4-2CAF-4EE9-810E-FB144F7D8369}.Debug|ARM.Deploy.0 = Debug|Any CPU
		{A57898B4-2CAF-4EE9-810E-FB144F7D8369}.Debug|iPhone.ActiveCfg = Debug|Any CPU
		{A57898B4-2CAF-4EE9-810E-FB144F7D8369}.Debug|iPhone.Build.0 = Debug|Any CPU
		{A57898B4-2CAF-4EE9-810E-FB144F7D8369}.Debug|iPhone.Deploy.0 = Debug|Any CPU
		{A57898B4-2CAF-4EE9-810E-FB144F7D8369}.Debug|iPhoneSimulator.ActiveCfg = Debug|Any CPU
		{A57898B4-2CAF-4EE9-810E-FB144F7D8369}.Debug|iPhoneSimulator.Build.0 = Debug|Any CPU
		{A57898B4-2CAF-4EE9-810E-FB144F7D8369}.Debug|iPhoneSimulator.Deploy.0 = Debug|Any CPU
		{A57898B4-2CAF-4EE9-810E-FB144F7D8369}.Debug|x64.ActiveCfg = Debug|Any CPU
		{A57898B4-2CAF-4EE9-810E-FB144F7D8369}.Debug|x64.Build.0 = Debug|Any CPU
		{A57898B4-2CAF-4EE9-810E-FB144F7D8369}.Debug|x64.Deploy.0 = Debug|Any CPU
		{A57898B4-2CAF-4EE9-810E-FB144F7D8369}.Debug|x86.ActiveCfg = Debug|Any CPU
		{A57898B4-2CAF-4EE9-810E-FB144F7D8369}.Debug|x86.Build.0 = Debug|Any CPU
		{A57898B4-2CAF-4EE9-810E-FB144F7D8369}.Debug|x86.Deploy.0 = Debug|Any CPU
		{A57898B4-2CAF-4EE9-810E-FB144F7D8369}.Release|Any CPU.ActiveCfg = Release|Any CPU
		{A57898B4-2CAF-4EE9-810E-FB144F7D8369}.Release|Any CPU.Build.0 = Release|Any CPU
		{A57898B4-2CAF-4EE9-810E-FB144F7D8369}.Release|Any CPU.Deploy.0 = Release|Any CPU
		{A57898B4-2CAF-4EE9-810E-FB144F7D8369}.Release|ARM.ActiveCfg = Release|Any CPU
		{A57898B4-2CAF-4EE9-810E-FB144F7D8369}.Release|ARM.Build.0 = Release|Any CPU
		{A57898B4-2CAF-4EE9-810E-FB144F7D8369}.Release|ARM.Deploy.0 = Release|Any CPU
		{A57898B4-2CAF-4EE9-810E-FB144F7D8369}.Release|iPhone.ActiveCfg = Release|Any CPU
		{A57898B4-2CAF-4EE9-810E-FB144F7D8369}.Release|iPhone.Build.0 = Release|Any CPU
		{A57898B4-2CAF-4EE9-810E-FB144F7D8369}.Release|iPhone.Deploy.0 = Release|Any CPU
		{A57898B4-2CAF-4EE9-810E-FB144F7D8369}.Release|iPhoneSimulator.ActiveCfg = Release|Any CPU
		{A57898B4-2CAF-4EE9-810E-FB144F7D8369}.Release|iPhoneSimulator.Build.0 = Release|Any CPU
		{A57898B4-2CAF-4EE9-810E-FB144F7D8369}.Release|iPhoneSimulator.Deploy.0 = Release|Any CPU
		{A57898B4-2CAF-4EE9-810E-FB144F7D8369}.Release|x64.ActiveCfg = Release|Any CPU
		{A57898B4-2CAF-4EE9-810E-FB144F7D8369}.Release|x64.Build.0 = Release|Any CPU
		{A57898B4-2CAF-4EE9-810E-FB144F7D8369}.Release|x64.Deploy.0 = Release|Any CPU
		{A57898B4-2CAF-4EE9-810E-FB144F7D8369}.Release|x86.ActiveCfg = Release|Any CPU
		{A57898B4-2CAF-4EE9-810E-FB144F7D8369}.Release|x86.Build.0 = Release|Any CPU
		{A57898B4-2CAF-4EE9-810E-FB144F7D8369}.Release|x86.Deploy.0 = Release|Any CPU
	EndGlobalSection
	GlobalSection(SolutionProperties) = preSolution
		HideSolutionNode = FALSE
	EndGlobalSection
	GlobalSection(ExtensibilityGlobals) = postSolution
		SolutionGuid = {8B5CB74C-675C-477A-AB2E-868E6D3A72D3}
	EndGlobalSection
EndGlobal
